<?xml version="1.0" encoding="utf-8"?>
<Project ToolsVersion="4.0" xmlns="http://schemas.microsoft.com/developer/msbuild/2003">
  <ItemGroup>
    <Filter Include="Source Files">
      <UniqueIdentifier>{4FC737F1-C7A5-4376-A066-2A32D752A2FF}</UniqueIdentifier>
      <Extensions>cpp;c;cc;cxx;def;odl;idl;hpj;bat;asm;asmx</Extensions>
    </Filter>
    <Filter Include="Header Files">
      <UniqueIdentifier>{93995380-89BD-4b04-88EB-625FBE52EBFB}</UniqueIdentifier>
      <Extensions>h;hpp;hxx;hm;inl;inc;xsd</Extensions>
    </Filter>
    <Filter Include="Resource Files">
      <UniqueIdentifier>{67DA6AB6-F800-4c08-8B7A-83BB121AAD01}</UniqueIdentifier>
      <Extensions>rc;ico;cur;bmp;dlg;rc2;rct;bin;rgs;gif;jpg;jpeg;jpe;resx;tiff;tif;png;wav;mfcribbon-ms</Extensions>
    </Filter>
  </ItemGroup>
  <ItemGroup>
    <ClCompile Include="src\DelDeadLetter.cpp">
      <Filter>Source Files</Filter>
    </ClCompile>
    <ClCompile Include="src\DiskBox.cpp">
      <Filter>Source Files</Filter>
    </ClCompile>
    <ClCompile Include="src\DlgView.cpp">
      <Filter>Source Files</Filter>
    </ClCompile>
    <ClCompile Include="src\Donate.cpp">
      <Filter>Source Files</Filter>
    </ClCompile>
    <ClCompile Include="src\enumDisk.cpp">
      <Filter>Source Files</Filter>
    </ClCompile>
    <ClCompile Include="src\Ext2Attribute.cpp">
      <Filter>Source Files</Filter>
    </ClCompile>
    <ClCompile Include="src\Ext2Mgr.cpp">
      <Filter>Source Files</Filter>
    </ClCompile>
    <ClCompile Include="src\Ext2MgrDlg.cpp">
      <Filter>Source Files</Filter>
    </ClCompile>
    <ClCompile Include="src\HyperLink.cpp">
      <Filter>Source Files</Filter>
    </ClCompile>
    <ClCompile Include="src\MountPoints.cpp">
      <Filter>Source Files</Filter>
    </ClCompile>
    <ClCompile Include="src\PartBox.cpp">
      <Filter>Source Files</Filter>
    </ClCompile>
    <ClCompile Include="src\PartitionType.cpp">
      <Filter>Source Files</Filter>
    </ClCompile>
    <ClCompile Include="src\PerfStatDlg.cpp">
      <Filter>Source Files</Filter>
    </ClCompile>
    <ClCompile Include="src\Properties.cpp">
      <Filter>Source Files</Filter>
    </ClCompile>
    <ClCompile Include="src\SelectDrvLetter.cpp">
      <Filter>Source Files</Filter>
    </ClCompile>
    <ClCompile Include="src\ServiceManage.cpp">
      <Filter>Source Files</Filter>
    </ClCompile>
    <ClCompile Include="src\Splash.cpp">
      <Filter>Source Files</Filter>
    </ClCompile>
    <ClCompile Include="src\StdAfx.cpp">
      <Filter>Source Files</Filter>
    </ClCompile>
    <ClCompile Include="src\SysTray.cpp">
      <Filter>Source Files</Filter>
    </ClCompile>
    <ClCompile Include="src\toolbar.cpp">
      <Filter>Source Files</Filter>
    </ClCompile>
    <ClCompile Include="src\TreeList.cpp">
      <Filter>Source Files</Filter>
    </ClCompile>
  </ItemGroup>
  <ItemGroup>
    <ResourceCompile Include="src\Ext2Mgr.rc">
      <Filter>Resource Files</Filter>
    </ResourceCompile>
  </ItemGroup>
  <ItemGroup>
    <Image Include="res\about.bmp">
      <Filter>Resource Files</Filter>
    </Image>
    <Image Include="res\about.jpg">
      <Filter>Resource Files</Filter>
    </Image>
    <Image Include="res\abouts.bmp">
      <Filter>Resource Files</Filter>
    </Image>
    <Image Include="res\bigmain.ico">
      <Filter>Resource Files</Filter>
    </Image>
    <Image Include="res\cdrom.bmp">
      <Filter>Resource Files</Filter>
    </Image>
    <Image Include="res\disk.bmp">
      <Filter>Resource Files</Filter>
    </Image>
    <Image Include="res\dvd.bmp">
      <Filter>Resource Files</Filter>
    </Image>
    <Image Include="res\dynamic.bmp">
      <Filter>Resource Files</Filter>
    </Image>
    <Image Include="res\Ext2Mgr.ico">
      <Filter>Resource Files</Filter>
    </Image>
    <Image Include="res\floppy.bmp">
      <Filter>Resource Files</Filter>
    </Image>
    <Image Include="res\line.bmp">
      <Filter>Resource Files</Filter>
    </Image>
    <Image Include="res\penguin-1.ico">
      <Filter>Resource Files</Filter>
    </Image>
    <Image Include="res\penguin-2.ico">
      <Filter>Resource Files</Filter>
    </Image>
    <Image Include="res\penguin-3.ico">
      <Filter>Resource Files</Filter>
    </Image>
    <Image Include="res\toolbar.bmp">
      <Filter>Resource Files</Filter>
    </Image>
  </ItemGroup>
  <ItemGroup>
    <None Include="res\Ext2Mgr.rc2">
      <Filter>Resource Files</Filter>
    </None>
  </ItemGroup>
  <ItemGroup>
    <ClInclude Include="include\DelDeadLetter.h">
      <Filter>Header Files</Filter>
    </ClInclude>
    <ClInclude Include="include\DiskBox.h">
      <Filter>Header Files</Filter>
    </ClInclude>
    <ClInclude Include="include\DlgView.h">
      <Filter>Header Files</Filter>
    </ClInclude>
    <ClInclude Include="include\Donate.h">
      <Filter>Header Files</Filter>
    </ClInclude>
    <ClInclude Include="include\enumDisk.h">
      <Filter>Header Files</Filter>
    </ClInclude>
    <ClInclude Include="include\Ext2Attribute.h">
      <Filter>Header Files</Filter>
    </ClInclude>
    <ClInclude Include="include\ext2fs.h">
      <Filter>Header Files</Filter>
    </ClInclude>
    <ClInclude Include="include\Ext2Mgr.h">
      <Filter>Header Files</Filter>
    </ClInclude>
    <ClInclude Include="include\Ext2MgrDlg.h">
      <Filter>Header Files</Filter>
    </ClInclude>
    <ClInclude Include="include\HyperLink.h">
      <Filter>Header Files</Filter>
    </ClInclude>
    <ClInclude Include="include\MountPoints.h">
      <Filter>Header Files</Filter>
    </ClInclude>
    <ClInclude Include="include\ntdll.h">
      <Filter>Header Files</Filter>
    </ClInclude>
    <ClInclude Include="include\PartBox.h">
      <Filter>Header Files</Filter>
    </ClInclude>
    <ClInclude Include="include\PartitionType.h">
      <Filter>Header Files</Filter>
    </ClInclude>
    <ClInclude Include="include\PerfStatDlg.h">
      <Filter>Header Files</Filter>
    </ClInclude>
    <ClInclude Include="include\Properties.h">
      <Filter>Header Files</Filter>
    </ClInclude>
    <ClInclude Include="include\resource.h">
      <Filter>Header Files</Filter>
    </ClInclude>
    <ClInclude Include="include\SelectDrvLetter.h">
      <Filter>Header Files</Filter>
    </ClInclude>
    <ClInclude Include="include\ServiceManage.h">
      <Filter>Header Files</Filter>
    </ClInclude>
    <ClInclude Include="include\Splash.h">
      <Filter>Header Files</Filter>
    </ClInclude>
    <ClInclude Include="include\StdAfx.h">
      <Filter>Header Files</Filter>
    </ClInclude>
    <ClInclude Include="include\SysTray.h">
      <Filter>Header Files</Filter>
    </ClInclude>
    <ClInclude Include="include\toolbar.h">
      <Filter>Header Files</Filter>
    </ClInclude>
    <ClInclude Include="include\TreeList.h">
      <Filter>Header Files</Filter>
    </ClInclude>
    <ClInclude Include="include\types.h">
      <Filter>Header Files</Filter>
    </ClInclude>
    <ClInclude Include="include\wdkInclude.h">
      <Filter>Header Files</Filter>
    </ClInclude>
  </ItemGroup>
</Project>