<?xml version="1.0" encoding="utf-8"?>
<Project ToolsVersion="4.0" xmlns="http://schemas.microsoft.com/developer/msbuild/2003">
  <ItemGroup>
    <Filter Include="Source Files">
      <UniqueIdentifier>{4FC737F1-C7A5-4376-A066-2A32D752A2FF}</UniqueIdentifier>
      <Extensions>cpp;c;cc;cxx;def;odl;idl;hpj;bat;asm;asmx</Extensions>
    </Filter>
    <Filter Include="Header Files">
      <UniqueIdentifier>{93995380-89BD-4b04-88EB-625FBE52EBFB}</UniqueIdentifier>
      <Extensions>h;hpp;hxx;hm;inl;inc;xsd</Extensions>
    </Filter>
    <Filter Include="Resource Files">
      <UniqueIdentifier>{67DA6AB6-F800-4c08-8B7A-83BB121AAD01}</UniqueIdentifier>
      <Extensions>rc;ico;cur;bmp;dlg;rc2;rct;bin;rgs;gif;jpg;jpeg;jpe;resx;tiff;tif;png;wav;mfcribbon-ms</Extensions>
    </Filter>
  </ItemGroup>
  <ItemGroup>
    <ClCompile Include="Source Files\DelDeadLetter.cpp">
      <Filter>Source Files</Filter>
    </ClCompile>
    <ClCompile Include="Source Files\DiskBox.cpp">
      <Filter>Source Files</Filter>
    </ClCompile>
    <ClCompile Include="Source Files\DlgView.cpp">
      <Filter>Source Files</Filter>
    </ClCompile>
    <ClCompile Include="Source Files\Donate.cpp">
      <Filter>Source Files</Filter>
    </ClCompile>
    <ClCompile Include="Source Files\enumDisk.cpp">
      <Filter>Source Files</Filter>
    </ClCompile>
    <ClCompile Include="Source Files\Ext2Attribute.cpp">
      <Filter>Source Files</Filter>
    </ClCompile>
    <ClCompile Include="Source Files\Ext2Mgr.cpp">
      <Filter>Source Files</Filter>
    </ClCompile>
    <ClCompile Include="Source Files\Ext2MgrDlg.cpp">
      <Filter>Source Files</Filter>
    </ClCompile>
    <ClCompile Include="Source Files\HyperLink.cpp">
      <Filter>Source Files</Filter>
    </ClCompile>
    <ClCompile Include="Source Files\MountPoints.cpp">
      <Filter>Source Files</Filter>
    </ClCompile>
    <ClCompile Include="Source Files\PartBox.cpp">
      <Filter>Source Files</Filter>
    </ClCompile>
    <ClCompile Include="Source Files\PartitionType.cpp">
      <Filter>Source Files</Filter>
    </ClCompile>
    <ClCompile Include="Source Files\PerfStatDlg.cpp">
      <Filter>Source Files</Filter>
    </ClCompile>
    <ClCompile Include="Source Files\Properties.cpp">
      <Filter>Source Files</Filter>
    </ClCompile>
    <ClCompile Include="Source Files\SelectDrvLetter.cpp">
      <Filter>Source Files</Filter>
    </ClCompile>
    <ClCompile Include="Source Files\ServiceManage.cpp">
      <Filter>Source Files</Filter>
    </ClCompile>
    <ClCompile Include="Source Files\Splash.cpp">
      <Filter>Source Files</Filter>
    </ClCompile>
    <ClCompile Include="Source Files\StdAfx.cpp">
      <Filter>Source Files</Filter>
    </ClCompile>
    <ClCompile Include="Source Files\SysTray.cpp">
      <Filter>Source Files</Filter>
    </ClCompile>
    <ClCompile Include="Source Files\toolbar.cpp">
      <Filter>Source Files</Filter>
    </ClCompile>
    <ClCompile Include="Source Files\TreeList.cpp">
      <Filter>Source Files</Filter>
    </ClCompile>
  </ItemGroup>
  <ItemGroup>
    <ResourceCompile Include="Source Files\Ext2Mgr.rc">
      <Filter>Source Files</Filter>
    </ResourceCompile>
  </ItemGroup>
  <ItemGroup>
    <Image Include="Resource Files\about.bmp">
      <Filter>Resource Files</Filter>
    </Image>
    <Image Include="Resource Files\about.jpg">
      <Filter>Resource Files</Filter>
    </Image>
    <Image Include="Resource Files\abouts.bmp">
      <Filter>Resource Files</Filter>
    </Image>
    <Image Include="Resource Files\bigmain.ico">
      <Filter>Resource Files</Filter>
    </Image>
    <Image Include="Resource Files\cdrom.bmp">
      <Filter>Resource Files</Filter>
    </Image>
    <Image Include="Resource Files\disk.bmp">
      <Filter>Resource Files</Filter>
    </Image>
    <Image Include="Resource Files\dvd.bmp">
      <Filter>Resource Files</Filter>
    </Image>
    <Image Include="Resource Files\dynamic.bmp">
      <Filter>Resource Files</Filter>
    </Image>
    <Image Include="Resource Files\Ext2Mgr.ico">
      <Filter>Resource Files</Filter>
    </Image>
    <Image Include="Resource Files\floppy.bmp">
      <Filter>Resource Files</Filter>
    </Image>
    <Image Include="Resource Files\line.bmp">
      <Filter>Resource Files</Filter>
    </Image>
    <Image Include="Resource Files\penguin-1.ico">
      <Filter>Resource Files</Filter>
    </Image>
    <Image Include="Resource Files\penguin-2.ico">
      <Filter>Resource Files</Filter>
    </Image>
    <Image Include="Resource Files\penguin-3.ico">
      <Filter>Resource Files</Filter>
    </Image>
    <Image Include="Resource Files\toolbar.bmp">
      <Filter>Resource Files</Filter>
    </Image>
  </ItemGroup>
  <ItemGroup>
    <None Include="Resource Files\Ext2Mgr.rc2">
      <Filter>Resource Files</Filter>
    </None>
  </ItemGroup>
  <ItemGroup>
    <ClInclude Include="Header Files\DelDeadLetter.h">
      <Filter>Header Files</Filter>
    </ClInclude>
    <ClInclude Include="Header Files\DiskBox.h">
      <Filter>Header Files</Filter>
    </ClInclude>
    <ClInclude Include="Header Files\DlgView.h">
      <Filter>Header Files</Filter>
    </ClInclude>
    <ClInclude Include="Header Files\Donate.h">
      <Filter>Header Files</Filter>
    </ClInclude>
    <ClInclude Include="Header Files\enumDisk.h">
      <Filter>Header Files</Filter>
    </ClInclude>
    <ClInclude Include="Header Files\Ext2Attribute.h">
      <Filter>Header Files</Filter>
    </ClInclude>
    <ClInclude Include="Header Files\ext2fs.h">
      <Filter>Header Files</Filter>
    </ClInclude>
    <ClInclude Include="Header Files\Ext2Mgr.h">
      <Filter>Header Files</Filter>
    </ClInclude>
    <ClInclude Include="Header Files\Ext2MgrDlg.h">
      <Filter>Header Files</Filter>
    </ClInclude>
    <ClInclude Include="Header Files\HyperLink.h">
      <Filter>Header Files</Filter>
    </ClInclude>
    <ClInclude Include="Header Files\MountPoints.h">
      <Filter>Header Files</Filter>
    </ClInclude>
    <ClInclude Include="Header Files\ntdll.h">
      <Filter>Header Files</Filter>
    </ClInclude>
    <ClInclude Include="Header Files\PartBox.h">
      <Filter>Header Files</Filter>
    </ClInclude>
    <ClInclude Include="Header Files\PartitionType.h">
      <Filter>Header Files</Filter>
    </ClInclude>
    <ClInclude Include="Header Files\PerfStatDlg.h">
      <Filter>Header Files</Filter>
    </ClInclude>
    <ClInclude Include="Header Files\Properties.h">
      <Filter>Header Files</Filter>
    </ClInclude>
    <ClInclude Include="Header Files\resource.h">
      <Filter>Header Files</Filter>
    </ClInclude>
    <ClInclude Include="Header Files\SelectDrvLetter.h">
      <Filter>Header Files</Filter>
    </ClInclude>
    <ClInclude Include="Header Files\ServiceManage.h">
      <Filter>Header Files</Filter>
    </ClInclude>
    <ClInclude Include="Header Files\Splash.h">
      <Filter>Header Files</Filter>
    </ClInclude>
    <ClInclude Include="Header Files\StdAfx.h">
      <Filter>Header Files</Filter>
    </ClInclude>
    <ClInclude Include="Header Files\SysTray.h">
      <Filter>Header Files</Filter>
    </ClInclude>
    <ClInclude Include="Header Files\toolbar.h">
      <Filter>Header Files</Filter>
    </ClInclude>
    <ClInclude Include="Header Files\TreeList.h">
      <Filter>Header Files</Filter>
    </ClInclude>
    <ClInclude Include="Header Files\types.h">
      <Filter>Header Files</Filter>
    </ClInclude>
    <ClInclude Include="Header Files\wdkInclude.h">
      <Filter>Header Files</Filter>
    </ClInclude>
  </ItemGroup>
</Project>