
Microsoft Visual Studio Solution File, Format Version 12.00
# Visual Studio 2012
Project("{8BC9CEB8-8B4A-11D0-8D11-00A0C91BC942}") = "Ext2Mgr", "Ext2Mgr\Ext2Mgr.vcxproj", "{848736F1-EE6E-452E-9A8B-074F32D10649}"
EndProject
Project("{8BC9CEB8-8B4A-11D0-8D11-00A0C91BC942}") = "Ext3Fsd", "Ext3Fsd\Ext3Fsd.vcxproj", "{E89A984A-99B8-40E3-818C-E1CF21130580}"
EndProject
Project("{8BC9CEB8-8B4A-11D0-8D11-00A0C91BC942}") = "Ext3Fsd Package", "Ext3Fsd Package\Ext3Fsd Package.vcxproj", "{155F5619-DA65-405B-973C-0B04B1530091}"
	ProjectSection(ProjectDependencies) = postProject
		{E89A984A-99B8-40E3-818C-E1CF21130580} = {E89A984A-99B8-40E3-818C-E1CF21130580}
	EndProjectSection
EndProject
Global
	GlobalSection(SolutionConfigurationPlatforms) = preSolution
		Debug|Win32 = Debug|Win32
		Debug|x64 = Debug|x64
		Release|Win32 = Release|Win32
		Release|x64 = Release|x64
		Vista Debug|Win32 = Vista Debug|Win32
		Vista Debug|x64 = Vista Debug|x64
		Vista Release|Win32 = Vista Release|Win32
		Vista Release|x64 = Vista Release|x64
		Win7 Debug|Win32 = Win7 Debug|Win32
		Win7 Debug|x64 = Win7 Debug|x64
		Win7 Release|Win32 = Win7 Release|Win32
		Win7 Release|x64 = Win7 Release|x64
		Win8 Debug|Win32 = Win8 Debug|Win32
		Win8 Debug|x64 = Win8 Debug|x64
		Win8 Release|Win32 = Win8 Release|Win32
		Win8 Release|x64 = Win8 Release|x64
	EndGlobalSection
	GlobalSection(ProjectConfigurationPlatforms) = postSolution
		{848736F1-EE6E-452E-9A8B-074F32D10649}.Debug|Win32.ActiveCfg = Debug|Win32
		{848736F1-EE6E-452E-9A8B-074F32D10649}.Debug|Win32.Build.0 = Debug|Win32
		{848736F1-EE6E-452E-9A8B-074F32D10649}.Debug|Win32.Deploy.0 = Debug|Win32
		{848736F1-EE6E-452E-9A8B-074F32D10649}.Debug|x64.ActiveCfg = Debug|Win32
		{848736F1-EE6E-452E-9A8B-074F32D10649}.Debug|x64.Build.0 = Debug|Win32
		{848736F1-EE6E-452E-9A8B-074F32D10649}.Debug|x64.Deploy.0 = Debug|Win32
		{848736F1-EE6E-452E-9A8B-074F32D10649}.Release|Win32.ActiveCfg = Release|Win32
		{848736F1-EE6E-452E-9A8B-074F32D10649}.Release|Win32.Build.0 = Release|Win32
		{848736F1-EE6E-452E-9A8B-074F32D10649}.Release|Win32.Deploy.0 = Release|Win32
		{848736F1-EE6E-452E-9A8B-074F32D10649}.Release|x64.ActiveCfg = Release|Win32
		{848736F1-EE6E-452E-9A8B-074F32D10649}.Vista Debug|Win32.ActiveCfg = Debug|Win32
		{848736F1-EE6E-452E-9A8B-074F32D10649}.Vista Debug|Win32.Build.0 = Debug|Win32
		{848736F1-EE6E-452E-9A8B-074F32D10649}.Vista Debug|Win32.Deploy.0 = Debug|Win32
		{848736F1-EE6E-452E-9A8B-074F32D10649}.Vista Debug|x64.ActiveCfg = Debug|Win32
		{848736F1-EE6E-452E-9A8B-074F32D10649}.Vista Release|Win32.ActiveCfg = Release|Win32
		{848736F1-EE6E-452E-9A8B-074F32D10649}.Vista Release|Win32.Build.0 = Release|Win32
		{848736F1-EE6E-452E-9A8B-074F32D10649}.Vista Release|Win32.Deploy.0 = Release|Win32
		{848736F1-EE6E-452E-9A8B-074F32D10649}.Vista Release|x64.ActiveCfg = Release|Win32
		{848736F1-EE6E-452E-9A8B-074F32D10649}.Win7 Debug|Win32.ActiveCfg = Debug|Win32
		{848736F1-EE6E-452E-9A8B-074F32D10649}.Win7 Debug|Win32.Build.0 = Debug|Win32
		{848736F1-EE6E-452E-9A8B-074F32D10649}.Win7 Debug|Win32.Deploy.0 = Debug|Win32
		{848736F1-EE6E-452E-9A8B-074F32D10649}.Win7 Debug|x64.ActiveCfg = Debug|Win32
		{848736F1-EE6E-452E-9A8B-074F32D10649}.Win7 Debug|x64.Build.0 = Debug|Win32
		{848736F1-EE6E-452E-9A8B-074F32D10649}.Win7 Debug|x64.Deploy.0 = Debug|Win32
		{848736F1-EE6E-452E-9A8B-074F32D10649}.Win7 Release|Win32.ActiveCfg = Release|Win32
		{848736F1-EE6E-452E-9A8B-074F32D10649}.Win7 Release|Win32.Build.0 = Release|Win32
		{848736F1-EE6E-452E-9A8B-074F32D10649}.Win7 Release|Win32.Deploy.0 = Release|Win32
		{848736F1-EE6E-452E-9A8B-074F32D10649}.Win7 Release|x64.ActiveCfg = Release|Win32
		{848736F1-EE6E-452E-9A8B-074F32D10649}.Win8 Debug|Win32.ActiveCfg = Debug|Win32
		{848736F1-EE6E-452E-9A8B-074F32D10649}.Win8 Debug|Win32.Build.0 = Debug|Win32
		{848736F1-EE6E-452E-9A8B-074F32D10649}.Win8 Debug|Win32.Deploy.0 = Debug|Win32
		{848736F1-EE6E-452E-9A8B-074F32D10649}.Win8 Debug|x64.ActiveCfg = Debug|Win32
		{848736F1-EE6E-452E-9A8B-074F32D10649}.Win8 Release|Win32.ActiveCfg = Release|Win32
		{848736F1-EE6E-452E-9A8B-074F32D10649}.Win8 Release|Win32.Build.0 = Release|Win32
		{848736F1-EE6E-452E-9A8B-074F32D10649}.Win8 Release|Win32.Deploy.0 = Release|Win32
		{848736F1-EE6E-452E-9A8B-074F32D10649}.Win8 Release|x64.ActiveCfg = Release|Win32
		{E89A984A-99B8-40E3-818C-E1CF21130580}.Debug|Win32.ActiveCfg = Win7 Debug|Win32
		{E89A984A-99B8-40E3-818C-E1CF21130580}.Debug|Win32.Build.0 = Win7 Debug|Win32
		{E89A984A-99B8-40E3-818C-E1CF21130580}.Debug|Win32.Deploy.0 = Win7 Debug|Win32
		{E89A984A-99B8-40E3-818C-E1CF21130580}.Debug|x64.ActiveCfg = Win7 Debug|x64
		{E89A984A-99B8-40E3-818C-E1CF21130580}.Debug|x64.Build.0 = Win7 Debug|x64
		{E89A984A-99B8-40E3-818C-E1CF21130580}.Debug|x64.Deploy.0 = Win7 Debug|x64
		{E89A984A-99B8-40E3-818C-E1CF21130580}.Release|Win32.ActiveCfg = Win8 Release|Win32
		{E89A984A-99B8-40E3-818C-E1CF21130580}.Release|Win32.Build.0 = Win8 Release|Win32
		{E89A984A-99B8-40E3-818C-E1CF21130580}.Release|Win32.Deploy.0 = Win8 Release|Win32
		{E89A984A-99B8-40E3-818C-E1CF21130580}.Release|x64.ActiveCfg = Win8 Release|x64
		{E89A984A-99B8-40E3-818C-E1CF21130580}.Release|x64.Build.0 = Win8 Release|x64
		{E89A984A-99B8-40E3-818C-E1CF21130580}.Release|x64.Deploy.0 = Win8 Release|x64
		{E89A984A-99B8-40E3-818C-E1CF21130580}.Vista Debug|Win32.ActiveCfg = Vista Debug|Win32
		{E89A984A-99B8-40E3-818C-E1CF21130580}.Vista Debug|Win32.Build.0 = Vista Debug|Win32
		{E89A984A-99B8-40E3-818C-E1CF21130580}.Vista Debug|Win32.Deploy.0 = Vista Debug|Win32
		{E89A984A-99B8-40E3-818C-E1CF21130580}.Vista Debug|x64.ActiveCfg = Vista Debug|x64
		{E89A984A-99B8-40E3-818C-E1CF21130580}.Vista Debug|x64.Build.0 = Vista Debug|x64
		{E89A984A-99B8-40E3-818C-E1CF21130580}.Vista Debug|x64.Deploy.0 = Vista Debug|x64
		{E89A984A-99B8-40E3-818C-E1CF21130580}.Vista Release|Win32.ActiveCfg = Vista Release|Win32
		{E89A984A-99B8-40E3-818C-E1CF21130580}.Vista Release|Win32.Build.0 = Vista Release|Win32
		{E89A984A-99B8-40E3-818C-E1CF21130580}.Vista Release|Win32.Deploy.0 = Vista Release|Win32
		{E89A984A-99B8-40E3-818C-E1CF21130580}.Vista Release|x64.ActiveCfg = Vista Release|x64
		{E89A984A-99B8-40E3-818C-E1CF21130580}.Vista Release|x64.Build.0 = Vista Release|x64
		{E89A984A-99B8-40E3-818C-E1CF21130580}.Vista Release|x64.Deploy.0 = Vista Release|x64
		{E89A984A-99B8-40E3-818C-E1CF21130580}.Win7 Debug|Win32.ActiveCfg = Win7 Debug|Win32
		{E89A984A-99B8-40E3-818C-E1CF21130580}.Win7 Debug|Win32.Build.0 = Win7 Debug|Win32
		{E89A984A-99B8-40E3-818C-E1CF21130580}.Win7 Debug|Win32.Deploy.0 = Win7 Debug|Win32
		{E89A984A-99B8-40E3-818C-E1CF21130580}.Win7 Debug|x64.ActiveCfg = Win7 Debug|x64
		{E89A984A-99B8-40E3-818C-E1CF21130580}.Win7 Debug|x64.Build.0 = Win7 Debug|x64
		{E89A984A-99B8-40E3-818C-E1CF21130580}.Win7 Debug|x64.Deploy.0 = Win7 Debug|x64
		{E89A984A-99B8-40E3-818C-E1CF21130580}.Win7 Release|Win32.ActiveCfg = Win7 Release|Win32
		{E89A984A-99B8-40E3-818C-E1CF21130580}.Win7 Release|Win32.Build.0 = Win7 Release|Win32
		{E89A984A-99B8-40E3-818C-E1CF21130580}.Win7 Release|Win32.Deploy.0 = Win7 Release|Win32
		{E89A984A-99B8-40E3-818C-E1CF21130580}.Win7 Release|x64.ActiveCfg = Win7 Release|x64
		{E89A984A-99B8-40E3-818C-E1CF21130580}.Win7 Release|x64.Build.0 = Win7 Release|x64
		{E89A984A-99B8-40E3-818C-E1CF21130580}.Win7 Release|x64.Deploy.0 = Win7 Release|x64
		{E89A984A-99B8-40E3-818C-E1CF21130580}.Win8 Debug|Win32.ActiveCfg = Win8 Debug|Win32
		{E89A984A-99B8-40E3-818C-E1CF21130580}.Win8 Debug|Win32.Build.0 = Win8 Debug|Win32
		{E89A984A-99B8-40E3-818C-E1CF21130580}.Win8 Debug|Win32.Deploy.0 = Win8 Debug|Win32
		{E89A984A-99B8-40E3-818C-E1CF21130580}.Win8 Debug|x64.ActiveCfg = Win8 Debug|x64
		{E89A984A-99B8-40E3-818C-E1CF21130580}.Win8 Debug|x64.Build.0 = Win8 Debug|x64
		{E89A984A-99B8-40E3-818C-E1CF21130580}.Win8 Debug|x64.Deploy.0 = Win8 Debug|x64
		{E89A984A-99B8-40E3-818C-E1CF21130580}.Win8 Release|Win32.ActiveCfg = Win8 Release|Win32
		{E89A984A-99B8-40E3-818C-E1CF21130580}.Win8 Release|Win32.Build.0 = Win8 Release|Win32
		{E89A984A-99B8-40E3-818C-E1CF21130580}.Win8 Release|Win32.Deploy.0 = Win8 Release|Win32
		{E89A984A-99B8-40E3-818C-E1CF21130580}.Win8 Release|x64.ActiveCfg = Win8 Release|x64
		{E89A984A-99B8-40E3-818C-E1CF21130580}.Win8 Release|x64.Build.0 = Win8 Release|x64
		{E89A984A-99B8-40E3-818C-E1CF21130580}.Win8 Release|x64.Deploy.0 = Win8 Release|x64
		{155F5619-DA65-405B-973C-0B04B1530091}.Debug|Win32.ActiveCfg = Win7 Debug|Win32
		{155F5619-DA65-405B-973C-0B04B1530091}.Debug|Win32.Build.0 = Win7 Debug|Win32
		{155F5619-DA65-405B-973C-0B04B1530091}.Debug|Win32.Deploy.0 = Win7 Debug|Win32
		{155F5619-DA65-405B-973C-0B04B1530091}.Debug|x64.ActiveCfg = Win7 Debug|x64
		{155F5619-DA65-405B-973C-0B04B1530091}.Debug|x64.Build.0 = Win7 Debug|x64
		{155F5619-DA65-405B-973C-0B04B1530091}.Debug|x64.Deploy.0 = Win7 Debug|x64
		{155F5619-DA65-405B-973C-0B04B1530091}.Release|Win32.ActiveCfg = Win8 Release|Win32
		{155F5619-DA65-405B-973C-0B04B1530091}.Release|Win32.Build.0 = Win8 Release|Win32
		{155F5619-DA65-405B-973C-0B04B1530091}.Release|Win32.Deploy.0 = Win8 Release|Win32
		{155F5619-DA65-405B-973C-0B04B1530091}.Release|x64.ActiveCfg = Win8 Release|x64
		{155F5619-DA65-405B-973C-0B04B1530091}.Release|x64.Build.0 = Win8 Release|x64
		{155F5619-DA65-405B-973C-0B04B1530091}.Release|x64.Deploy.0 = Win8 Release|x64
		{155F5619-DA65-405B-973C-0B04B1530091}.Vista Debug|Win32.ActiveCfg = Vista Debug|Win32
		{155F5619-DA65-405B-973C-0B04B1530091}.Vista Debug|Win32.Build.0 = Vista Debug|Win32
		{155F5619-DA65-405B-973C-0B04B1530091}.Vista Debug|Win32.Deploy.0 = Vista Debug|Win32
		{155F5619-DA65-405B-973C-0B04B1530091}.Vista Debug|x64.ActiveCfg = Vista Debug|x64
		{155F5619-DA65-405B-973C-0B04B1530091}.Vista Debug|x64.Build.0 = Vista Debug|x64
		{155F5619-DA65-405B-973C-0B04B1530091}.Vista Debug|x64.Deploy.0 = Vista Debug|x64
		{155F5619-DA65-405B-973C-0B04B1530091}.Vista Release|Win32.ActiveCfg = Vista Release|Win32
		{155F5619-DA65-405B-973C-0B04B1530091}.Vista Release|Win32.Build.0 = Vista Release|Win32
		{155F5619-DA65-405B-973C-0B04B1530091}.Vista Release|Win32.Deploy.0 = Vista Release|Win32
		{155F5619-DA65-405B-973C-0B04B1530091}.Vista Release|x64.ActiveCfg = Vista Release|x64
		{155F5619-DA65-405B-973C-0B04B1530091}.Vista Release|x64.Build.0 = Vista Release|x64
		{155F5619-DA65-405B-973C-0B04B1530091}.Vista Release|x64.Deploy.0 = Vista Release|x64
		{155F5619-DA65-405B-973C-0B04B1530091}.Win7 Debug|Win32.ActiveCfg = Win7 Debug|Win32
		{155F5619-DA65-405B-973C-0B04B1530091}.Win7 Debug|Win32.Build.0 = Win7 Debug|Win32
		{155F5619-DA65-405B-973C-0B04B1530091}.Win7 Debug|Win32.Deploy.0 = Win7 Debug|Win32
		{155F5619-DA65-405B-973C-0B04B1530091}.Win7 Debug|x64.ActiveCfg = Win7 Debug|x64
		{155F5619-DA65-405B-973C-0B04B1530091}.Win7 Debug|x64.Build.0 = Win7 Debug|x64
		{155F5619-DA65-405B-973C-0B04B1530091}.Win7 Debug|x64.Deploy.0 = Win7 Debug|x64
		{155F5619-DA65-405B-973C-0B04B1530091}.Win7 Release|Win32.ActiveCfg = Win7 Release|Win32
		{155F5619-DA65-405B-973C-0B04B1530091}.Win7 Release|Win32.Build.0 = Win7 Release|Win32
		{155F5619-DA65-405B-973C-0B04B1530091}.Win7 Release|Win32.Deploy.0 = Win7 Release|Win32
		{155F5619-DA65-405B-973C-0B04B1530091}.Win7 Release|x64.ActiveCfg = Win7 Release|x64
		{155F5619-DA65-405B-973C-0B04B1530091}.Win7 Release|x64.Build.0 = Win7 Release|x64
		{155F5619-DA65-405B-973C-0B04B1530091}.Win7 Release|x64.Deploy.0 = Win7 Release|x64
		{155F5619-DA65-405B-973C-0B04B1530091}.Win8 Debug|Win32.ActiveCfg = Win8 Debug|Win32
		{155F5619-DA65-405B-973C-0B04B1530091}.Win8 Debug|Win32.Build.0 = Win8 Debug|Win32
		{155F5619-DA65-405B-973C-0B04B1530091}.Win8 Debug|Win32.Deploy.0 = Win8 Debug|Win32
		{155F5619-DA65-405B-973C-0B04B1530091}.Win8 Debug|x64.ActiveCfg = Win8 Debug|x64
		{155F5619-DA65-405B-973C-0B04B1530091}.Win8 Debug|x64.Build.0 = Win8 Debug|x64
		{155F5619-DA65-405B-973C-0B04B1530091}.Win8 Debug|x64.Deploy.0 = Win8 Debug|x64
		{155F5619-DA65-405B-973C-0B04B1530091}.Win8 Release|Win32.ActiveCfg = Win8 Release|Win32
		{155F5619-DA65-405B-973C-0B04B1530091}.Win8 Release|Win32.Build.0 = Win8 Release|Win32
		{155F5619-DA65-405B-973C-0B04B1530091}.Win8 Release|Win32.Deploy.0 = Win8 Release|Win32
		{155F5619-DA65-405B-973C-0B04B1530091}.Win8 Release|x64.ActiveCfg = Win8 Release|x64
		{155F5619-DA65-405B-973C-0B04B1530091}.Win8 Release|x64.Build.0 = Win8 Release|x64
		{155F5619-DA65-405B-973C-0B04B1530091}.Win8 Release|x64.Deploy.0 = Win8 Release|x64
	EndGlobalSection
	GlobalSection(SolutionProperties) = preSolution
		HideSolutionNode = FALSE
	EndGlobalSection
EndGlobal
