<?xml version="1.0" encoding="utf-8"?>
<Project ToolsVersion="4.0" xmlns="http://schemas.microsoft.com/developer/msbuild/2003">
  <ItemGroup>
    <Filter Include="Source Files">
      <UniqueIdentifier>{4FC737F1-C7A5-4376-A066-2A32D752A2FF}</UniqueIdentifier>
      <Extensions>cpp;c;cc;cxx;def;odl;idl;hpj;bat;asm;asmx</Extensions>
    </Filter>
    <Filter Include="Header Files">
      <UniqueIdentifier>{93995380-89BD-4b04-88EB-625FBE52EBFB}</UniqueIdentifier>
      <Extensions>h;hpp;hxx;hm;inl;inc;xsd</Extensions>
    </Filter>
    <Filter Include="Resource Files">
      <UniqueIdentifier>{67DA6AB6-F800-4c08-8B7A-83BB121AAD01}</UniqueIdentifier>
      <Extensions>rc;ico;cur;bmp;dlg;rc2;rct;bin;rgs;gif;jpg;jpeg;jpe;resx;tiff;tif;png;wav;mfcribbon-ms</Extensions>
    </Filter>
    <Filter Include="Driver Files">
      <UniqueIdentifier>{8E41214B-6785-4CFE-B992-037D68949A14}</UniqueIdentifier>
      <Extensions>inf;inv;inx;mof;mc;</Extensions>
    </Filter>
    <Filter Include="Header Files\shared">
      <UniqueIdentifier>{648d197b-7def-4ffd-8f0c-19374d8ddd9a}</UniqueIdentifier>
    </Filter>
    <Filter Include="Header Files\asm">
      <UniqueIdentifier>{5edb3b5d-b082-4d4d-a2f8-693635b5eb9b}</UniqueIdentifier>
    </Filter>
    <Filter Include="Header Files\linux">
      <UniqueIdentifier>{2798ddc3-8801-4b31-b6c3-0882a52b39a1}</UniqueIdentifier>
    </Filter>
  </ItemGroup>
  <ItemGroup>
    <Inf Include="Ext3Fsd.inf">
      <Filter>Driver Files</Filter>
    </Inf>
  </ItemGroup>
  <ItemGroup>
    <ClInclude Include="include\common.h">
      <Filter>Header Files</Filter>
    </ClInclude>
    <ClInclude Include="include\ext2fs.h">
      <Filter>Header Files</Filter>
    </ClInclude>
    <ClInclude Include="include\ntifs.gnu.h">
      <Filter>Header Files</Filter>
    </ClInclude>
    <ClInclude Include="include\resource.h">
      <Filter>Header Files</Filter>
    </ClInclude>
    <ClInclude Include="include\asm\page.h">
      <Filter>Header Files\asm</Filter>
    </ClInclude>
    <ClInclude Include="include\asm\semaphore.h">
      <Filter>Header Files\asm</Filter>
    </ClInclude>
    <ClInclude Include="include\asm\uaccess.h">
      <Filter>Header Files\asm</Filter>
    </ClInclude>
    <ClInclude Include="include\linux\atomic.h">
      <Filter>Header Files\linux</Filter>
    </ClInclude>
    <ClInclude Include="include\linux\bit_spinlock.h">
      <Filter>Header Files\linux</Filter>
    </ClInclude>
    <ClInclude Include="include\linux\bitops.h">
      <Filter>Header Files\linux</Filter>
    </ClInclude>
    <ClInclude Include="include\linux\buffer_head.h">
      <Filter>Header Files\linux</Filter>
    </ClInclude>
    <ClInclude Include="include\linux\config.h">
      <Filter>Header Files\linux</Filter>
    </ClInclude>
    <ClInclude Include="include\linux\debugfs.h">
      <Filter>Header Files\linux</Filter>
    </ClInclude>
    <ClInclude Include="include\linux\errno.h">
      <Filter>Header Files\linux</Filter>
    </ClInclude>
    <ClInclude Include="include\linux\Ext2_fs.h">
      <Filter>Header Files\linux</Filter>
    </ClInclude>
    <ClInclude Include="include\linux\ext3_fs.h">
      <Filter>Header Files\linux</Filter>
    </ClInclude>
    <ClInclude Include="include\linux\ext3_fs_i.h">
      <Filter>Header Files\linux</Filter>
    </ClInclude>
    <ClInclude Include="include\linux\ext3_fs_sb.h">
      <Filter>Header Files\linux</Filter>
    </ClInclude>
    <ClInclude Include="include\linux\ext3_jbd.h">
      <Filter>Header Files\linux</Filter>
    </ClInclude>
    <ClInclude Include="include\linux\ext4_ext.h">
      <Filter>Header Files\linux</Filter>
    </ClInclude>
    <ClInclude Include="include\linux\freezer.h">
      <Filter>Header Files\linux</Filter>
    </ClInclude>
    <ClInclude Include="include\linux\fs.h">
      <Filter>Header Files\linux</Filter>
    </ClInclude>
    <ClInclude Include="include\linux\group.h">
      <Filter>Header Files\linux</Filter>
    </ClInclude>
    <ClInclude Include="include\linux\highmem.h">
      <Filter>Header Files\linux</Filter>
    </ClInclude>
    <ClInclude Include="include\linux\init.h">
      <Filter>Header Files\linux</Filter>
    </ClInclude>
    <ClInclude Include="include\linux\jbd.h">
      <Filter>Header Files\linux</Filter>
    </ClInclude>
    <ClInclude Include="include\linux\journal-head.h">
      <Filter>Header Files\linux</Filter>
    </ClInclude>
    <ClInclude Include="include\linux\kernel.h">
      <Filter>Header Files\linux</Filter>
    </ClInclude>
    <ClInclude Include="include\linux\kthread.h">
      <Filter>Header Files\linux</Filter>
    </ClInclude>
    <ClInclude Include="include\linux\list.h">
      <Filter>Header Files\linux</Filter>
    </ClInclude>
    <ClInclude Include="include\linux\lockdep.h">
      <Filter>Header Files\linux</Filter>
    </ClInclude>
    <ClInclude Include="include\linux\log2.h">
      <Filter>Header Files\linux</Filter>
    </ClInclude>
    <ClInclude Include="include\linux\magic.h">
      <Filter>Header Files\linux</Filter>
    </ClInclude>
    <ClInclude Include="include\linux\mm.h">
      <Filter>Header Files\linux</Filter>
    </ClInclude>
    <ClInclude Include="include\linux\module.h">
      <Filter>Header Files\linux</Filter>
    </ClInclude>
    <ClInclude Include="include\linux\mutex.h">
      <Filter>Header Files\linux</Filter>
    </ClInclude>
    <ClInclude Include="include\linux\nls.h">
      <Filter>Header Files\linux</Filter>
    </ClInclude>
    <ClInclude Include="include\linux\pagemap.h">
      <Filter>Header Files\linux</Filter>
    </ClInclude>
    <ClInclude Include="include\linux\poison.h">
      <Filter>Header Files\linux</Filter>
    </ClInclude>
    <ClInclude Include="include\linux\proc_fs.h">
      <Filter>Header Files\linux</Filter>
    </ClInclude>
    <ClInclude Include="include\linux\rbtree.h">
      <Filter>Header Files\linux</Filter>
    </ClInclude>
    <ClInclude Include="include\linux\sched.h">
      <Filter>Header Files\linux</Filter>
    </ClInclude>
    <ClInclude Include="include\linux\slab.h">
      <Filter>Header Files\linux</Filter>
    </ClInclude>
    <ClInclude Include="include\linux\spinlock.h">
      <Filter>Header Files\linux</Filter>
    </ClInclude>
    <ClInclude Include="include\linux\stddef.h">
      <Filter>Header Files\linux</Filter>
    </ClInclude>
    <ClInclude Include="include\linux\string.h">
      <Filter>Header Files\linux</Filter>
    </ClInclude>
    <ClInclude Include="include\linux\time.h">
      <Filter>Header Files\linux</Filter>
    </ClInclude>
    <ClInclude Include="include\linux\timer.h">
      <Filter>Header Files\linux</Filter>
    </ClInclude>
    <ClInclude Include="include\linux\types.h">
      <Filter>Header Files\linux</Filter>
    </ClInclude>
    <ClInclude Include="include\linux\version.h">
      <Filter>Header Files\linux</Filter>
    </ClInclude>
    <ClInclude Include="include\shared\shared_common.h">
      <Filter>Header Files\shared</Filter>
    </ClInclude>
  </ItemGroup>
  <ItemGroup>
    <ResourceCompile Include="res\Ext3fsd.rc">
      <Filter>Resource Files</Filter>
    </ResourceCompile>
  </ItemGroup>
  <ItemGroup>
    <ClCompile Include="src\block.c">
      <Filter>Source Files</Filter>
    </ClCompile>
    <ClCompile Include="src\cleanup.c">
      <Filter>Source Files</Filter>
    </ClCompile>
    <ClCompile Include="src\close.c">
      <Filter>Source Files</Filter>
    </ClCompile>
    <ClCompile Include="src\cmcb.c">
      <Filter>Source Files</Filter>
    </ClCompile>
    <ClCompile Include="src\create.c">
      <Filter>Source Files</Filter>
    </ClCompile>
    <ClCompile Include="src\debug.c">
      <Filter>Source Files</Filter>
    </ClCompile>
    <ClCompile Include="src\devctl.c">
      <Filter>Source Files</Filter>
    </ClCompile>
    <ClCompile Include="src\dirctl.c">
      <Filter>Source Files</Filter>
    </ClCompile>
    <ClCompile Include="src\dispatch.c">
      <Filter>Source Files</Filter>
    </ClCompile>
    <ClCompile Include="src\except.c">
      <Filter>Source Files</Filter>
    </ClCompile>
    <ClCompile Include="src\fastio.c">
      <Filter>Source Files</Filter>
    </ClCompile>
    <ClCompile Include="src\fileinfo.c">
      <Filter>Source Files</Filter>
    </ClCompile>
    <ClCompile Include="src\flush.c">
      <Filter>Source Files</Filter>
    </ClCompile>
    <ClCompile Include="src\fsctl.c">
      <Filter>Source Files</Filter>
    </ClCompile>
    <ClCompile Include="src\init.c">
      <Filter>Source Files</Filter>
    </ClCompile>
    <ClCompile Include="src\linux.c">
      <Filter>Source Files</Filter>
    </ClCompile>
    <ClCompile Include="src\lock.c">
      <Filter>Source Files</Filter>
    </ClCompile>
    <ClCompile Include="src\memory.c">
      <Filter>Source Files</Filter>
    </ClCompile>
    <ClCompile Include="src\misc.c">
      <Filter>Source Files</Filter>
    </ClCompile>
    <ClCompile Include="src\nls.c">
      <Filter>Source Files</Filter>
    </ClCompile>
    <ClCompile Include="src\pnp.c">
      <Filter>Source Files</Filter>
    </ClCompile>
    <ClCompile Include="src\rbtree.c">
      <Filter>Source Files</Filter>
    </ClCompile>
    <ClCompile Include="src\read.c">
      <Filter>Source Files</Filter>
    </ClCompile>
    <ClCompile Include="src\shutdown.c">
      <Filter>Source Files</Filter>
    </ClCompile>
    <ClCompile Include="src\volinfo.c">
      <Filter>Source Files</Filter>
    </ClCompile>
    <ClCompile Include="src\write.c">
      <Filter>Source Files</Filter>
    </ClCompile>
  </ItemGroup>
</Project>